schema: '2.0'
stages:
  data_processing:
    cmd: python Model/data_processing.py
    deps:
    - path: Data/bitcoin_data.csv
      hash: md5
      md5: 7ed2cf0854e3fb8d8a633fa88fa7e382
      size: 367534
    outs:
    - path: Model/data/X_test_scaled.npy
      hash: md5
      md5: d546e37eb8db2accbcc1d351950b024a
      size: 28848
    - path: Model/data/X_train_scaled.npy
      hash: md5
      md5: b1e7faa28a28c588f8a24beb82730ce6
      size: 114968
    - path: Model/data/feature_scaler.pkl
      hash: md5
      md5: faf4f075bfe5833afe09dee90cc8d7b3
      size: 1231
    - path: Model/data/target_scaler.pkl
      hash: md5
      md5: 8c9f1cf81800ef3da45c64e6cbb2a5b5
      size: 719
    - path: Model/data/y_test_scaled.npy
      hash: md5
      md5: 69b8a197c1963212037f5b8960a3ca98
      size: 5872
    - path: Model/data/y_train_scaled.npy
      hash: md5
      md5: 280b411e768134fc95fe234eb1e2bb8c
      size: 23096
